
Microsoft Visual Studio Solution File, Format Version 12.00
# Visual Studio Version 17
VisualStudioVersion = 17.8.34525.116
MinimumVisualStudioVersion = 10.0.40219.1
Project("{FAE04EC0-301F-11D3-BF4B-00C04F79EFBC}") = "ApiRequsetFromWindowsApplication", "ApiRequsetFromWindowsApplication\ApiRequsetFromWindowsApplication.csproj", "{954F7A5C-9CA3-4043-B86F-0252328335C3}"
EndProject
Global
	GlobalSection(SolutionConfigurationPlatforms) = preSolution
		Debug|Any CPU = Debug|Any CPU
		Release|Any CPU = Release|Any CPU
	EndGlobalSection
	GlobalSection(ProjectConfigurationPlatforms) = postSolution
		{954F7A5C-9CA3-4043-B86F-0252328335C3}.Debug|Any CPU.ActiveCfg = Debug|Any CPU
		{954F7A5C-9CA3-4043-B86F-0252328335C3}.Debug|Any CPU.Build.0 = Debug|Any CPU
		{954F7A5C-9CA3-4043-B86F-0252328335C3}.Release|Any CPU.ActiveCfg = Release|Any CPU
		{954F7A5C-9CA3-4043-B86F-0252328335C3}.Release|Any CPU.Build.0 = Release|Any CPU
	EndGlobalSection
	GlobalSection(SolutionProperties) = preSolution
		HideSolutionNode = FALSE
	EndGlobalSection
	GlobalSection(ExtensibilityGlobals) = postSolution
		SolutionGuid = {448E6121-D5C2-440B-B95C-0C3A046A608C}
	EndGlobalSection
EndGlobal
